// !$*UTF8*$!
{
	archiveVersion = 1;
	classes = {
	};
	objectVersion = 46;
	objects = {

/* Begin PBXBuildFile section */
		9826B2BA1A11FAD70089807A /* AppDelegate.swift in Sources */ = {isa = PBXBuildFile; fileRef = 9826B2B91A11FAD70089807A /* AppDelegate.swift */; };
		9826B2BD1A11FAD70089807A /* CoreData.xcdatamodeld in Sources */ = {isa = PBXBuildFile; fileRef = 9826B2BB1A11FAD70089807A /* CoreData.xcdatamodeld */; };
		9826B2BF1A11FAD70089807A /* ViewController.swift in Sources */ = {isa = PBXBuildFile; fileRef = 9826B2BE1A11FAD70089807A /* ViewController.swift */; };
		9826B2C21A11FAD70089807A /* Main.storyboard in Resources */ = {isa = PBXBuildFile; fileRef = 9826B2C01A11FAD70089807A /* Main.storyboard */; };
		9826B2C41A11FAD70089807A /* Images.xcassets in Resources */ = {isa = PBXBuildFile; fileRef = 9826B2C31A11FAD70089807A /* Images.xcassets */; };
		9826B2C71A11FAD70089807A /* LaunchScreen.xib in Resources */ = {isa = PBXBuildFile; fileRef = 9826B2C51A11FAD70089807A /* LaunchScreen.xib */; };
		9826B2D31A11FAD70089807A /* CoreDataTests.swift in Sources */ = {isa = PBXBuildFile; fileRef = 9826B2D21A11FAD70089807A /* CoreDataTests.swift */; };
		9826B2DD1A11FB190089807A /* User.swift in Sources */ = {isa = PBXBuildFile; fileRef = 9826B2DC1A11FB190089807A /* User.swift */; };
/* End PBXBuildFile section */

/* Begin PBXContainerItemProxy section */
		9826B2CD1A11FAD70089807A /* PBXContainerItemProxy */ = {
			isa = PBXContainerItemProxy;
			containerPortal = 9826B2AC1A11FAD70089807A /* Project object */;
			proxyType = 1;
			remoteGlobalIDString = 9826B2B31A11FAD70089807A;
			remoteInfo = CoreData;
		};
/* End PBXContainerItemProxy section */

/* Begin PBXFileReference section */
		9826B2B41A11FAD70089807A /* CoreData.app */ = {isa = PBXFileReference; explicitFileType = wrapper.application; includeInIndex = 0; path = CoreData.app; sourceTree = BUILT_PRODUCTS_DIR; };
		9826B2B81A11FAD70089807A /* Info.plist */ = {isa = PBXFileReference; lastKnownFileType = text.plist.xml; path = Info.plist; sourceTree = "<group>"; };
		9826B2B91A11FAD70089807A /* AppDelegate.swift */ = {isa = PBXFileReference; lastKnownFileType = sourcecode.swift; path = AppDelegate.swift; sourceTree = "<group>"; };
		9826B2BC1A11FAD70089807A /* CoreData.xcdatamodel */ = {isa = PBXFileReference; lastKnownFileType = wrapper.xcdatamodel; path = CoreData.xcdatamodel; sourceTree = "<group>"; };
		9826B2BE1A11FAD70089807A /* ViewController.swift */ = {isa = PBXFileReference; lastKnownFileType = sourcecode.swift; path = ViewController.swift; sourceTree = "<group>"; };
		9826B2C11A11FAD70089807A /* Base */ = {isa = PBXFileReference; lastKnownFileType = file.storyboard; name = Base; path = Base.lproj/Main.storyboard; sourceTree = "<group>"; };
		9826B2C31A11FAD70089807A /* Images.xcassets */ = {isa = PBXFileReference; lastKnownFileType = folder.assetcatalog; path = Images.xcassets; sourceTree = "<group>"; };
		9826B2C61A11FAD70089807A /* Base */ = {isa = PBXFileReference; lastKnownFileType = file.xib; name = Base; path = Base.lproj/LaunchScreen.xib; sourceTree = "<group>"; };
		9826B2CC1A11FAD70089807A /* CoreDataTests.xctest */ = {isa = PBXFileReference; explicitFileType = wrapper.cfbundle; includeInIndex = 0; path = CoreDataTests.xctest; sourceTree = BUILT_PRODUCTS_DIR; };
		9826B2D11A11FAD70089807A /* Info.plist */ = {isa = PBXFileReference; lastKnownFileType = text.plist.xml; path = Info.plist; sourceTree = "<group>"; };
		9826B2D21A11FAD70089807A /* CoreDataTests.swift */ = {isa = PBXFileReference; lastKnownFileType = sourcecode.swift; path = CoreDataTests.swift; sourceTree = "<group>"; };
		9826B2DC1A11FB190089807A /* User.swift */ = {isa = PBXFileReference; fileEncoding = 4; lastKnownFileType = sourcecode.swift; path = User.swift; sourceTree = "<group>"; };
/* End PBXFileReference section */

/* Begin PBXFrameworksBuildPhase section */
		9826B2B11A11FAD70089807A /* Frameworks */ = {
			isa = PBXFrameworksBuildPhase;
			buildActionMask = 2147483647;
			files = (
			);
			runOnlyForDeploymentPostprocessing = 0;
		};
		9826B2C91A11FAD70089807A /* Frameworks */ = {
			isa = PBXFrameworksBuildPhase;
			buildActionMask = 2147483647;
			files = (
			);
			runOnlyForDeploymentPostprocessing = 0;
		};
/* End PBXFrameworksBuildPhase section */

/* Begin PBXGroup section */
		9826B2AB1A11FAD70089807A = {
			isa = PBXGroup;
			children = (
				9826B2B61A11FAD70089807A /* CoreData */,
				9826B2CF1A11FAD70089807A /* CoreDataTests */,
				9826B2B51A11FAD70089807A /* Products */,
			);
			sourceTree = "<group>";
		};
		9826B2B51A11FAD70089807A /* Products */ = {
			isa = PBXGroup;
			children = (
				9826B2B41A11FAD70089807A /* CoreData.app */,
				9826B2CC1A11FAD70089807A /* CoreDataTests.xctest */,
			);
			name = Products;
			sourceTree = "<group>";
		};
		9826B2B61A11FAD70089807A /* CoreData */ = {
			isa = PBXGroup;
			children = (
				9826B2B91A11FAD70089807A /* AppDelegate.swift */,
				9826B2BE1A11FAD70089807A /* ViewController.swift */,
				9826B2C01A11FAD70089807A /* Main.storyboard */,
				9826B2C31A11FAD70089807A /* Images.xcassets */,
				9826B2C51A11FAD70089807A /* LaunchScreen.xib */,
				9826B2BB1A11FAD70089807A /* CoreData.xcdatamodeld */,
				9826B2B71A11FAD70089807A /* Supporting Files */,
				9826B2DC1A11FB190089807A /* User.swift */,
			);
			path = CoreData;
			sourceTree = "<group>";
		};
		9826B2B71A11FAD70089807A /* Supporting Files */ = {
			isa = PBXGroup;
			children = (
				9826B2B81A11FAD70089807A /* Info.plist */,
			);
			name = "Supporting Files";
			sourceTree = "<group>";
		};
		9826B2CF1A11FAD70089807A /* CoreDataTests */ = {
			isa = PBXGroup;
			children = (
				9826B2D21A11FAD70089807A /* CoreDataTests.swift */,
				9826B2D01A11FAD70089807A /* Supporting Files */,
			);
			path = CoreDataTests;
			sourceTree = "<group>";
		};
		9826B2D01A11FAD70089807A /* Supporting Files */ = {
			isa = PBXGroup;
			children = (
				9826B2D11A11FAD70089807A /* Info.plist */,
			);
			name = "Supporting Files";
			sourceTree = "<group>";
		};
/* End PBXGroup section */

/* Begin PBXNativeTarget section */
		9826B2B31A11FAD70089807A /* CoreData */ = {
			isa = PBXNativeTarget;
			buildConfigurationList = 9826B2D61A11FAD70089807A /* Build configuration list for PBXNativeTarget "CoreData" */;
			buildPhases = (
				9826B2B01A11FAD70089807A /* Sources */,
				9826B2B11A11FAD70089807A /* Frameworks */,
				9826B2B21A11FAD70089807A /* Resources */,
			);
			buildRules = (
			);
			dependencies = (
			);
			name = CoreData;
			productName = CoreData;
			productReference = 9826B2B41A11FAD70089807A /* CoreData.app */;
			productType = "com.apple.product-type.application";
		};
		9826B2CB1A11FAD70089807A /* CoreDataTests */ = {
			isa = PBXNativeTarget;
			buildConfigurationList = 9826B2D91A11FAD70089807A /* Build configuration list for PBXNativeTarget "CoreDataTests" */;
			buildPhases = (
				9826B2C81A11FAD70089807A /* Sources */,
				9826B2C91A11FAD70089807A /* Frameworks */,
				9826B2CA1A11FAD70089807A /* Resources */,
			);
			buildRules = (
			);
			dependencies = (
				9826B2CE1A11FAD70089807A /* PBXTargetDependency */,
			);
			name = CoreDataTests;
			productName = CoreDataTests;
			productReference = 9826B2CC1A11FAD70089807A /* CoreDataTests.xctest */;
			productType = "com.apple.product-type.bundle.unit-test";
		};
/* End PBXNativeTarget section */

/* Begin PBXProject section */
		9826B2AC1A11FAD70089807A /* Project object */ = {
			isa = PBXProject;
			attributes = {
				LastUpgradeCheck = 0610;
				ORGANIZATIONNAME = "www.iphonetrain.com 无限互联3G学院";
				TargetAttributes = {
					9826B2B31A11FAD70089807A = {
						CreatedOnToolsVersion = 6.1;
					};
					9826B2CB1A11FAD70089807A = {
						CreatedOnToolsVersion = 6.1;
						TestTargetID = 9826B2B31A11FAD70089807A;
					};
				};
			};
			buildConfigurationList = 9826B2AF1A11FAD70089807A /* Build configuration list for PBXProject "CoreData" */;
			compatibilityVersion = "Xcode 3.2";
			developmentRegion = English;
			hasScannedForEncodings = 0;
			knownRegions = (
				en,
				Base,
			);
			mainGroup = 9826B2AB1A11FAD70089807A;
			productRefGroup = 9826B2B51A11FAD70089807A /* Products */;
			projectDirPath = "";
			projectRoot = "";
			targets = (
				9826B2B31A11FAD70089807A /* CoreData */,
				9826B2CB1A11FAD70089807A /* CoreDataTests */,
			);
		};
/* End PBXProject section */

/* Begin PBXResourcesBuildPhase section */
		9826B2B21A11FAD70089807A /* Resources */ = {
			isa = PBXResourcesBuildPhase;
			buildActionMask = 2147483647;
			files = (
				9826B2C21A11FAD70089807A /* Main.storyboard in Resources */,
				9826B2C71A11FAD70089807A /* LaunchScreen.xib in Resources */,
				9826B2C41A11FAD70089807A /* Images.xcassets in Resources */,
			);
			runOnlyForDeploymentPostprocessing = 0;
		};
		9826B2CA1A11FAD70089807A /* Resources */ = {
			isa = PBXResourcesBuildPhase;
			buildActionMask = 2147483647;
			files = (
			);
			runOnlyForDeploymentPostprocessing = 0;
		};
/* End PBXResourcesBuildPhase section */

/* Begin PBXSourcesBuildPhase section */
		9826B2B01A11FAD70089807A /* Sources */ = {
			isa = PBXSourcesBuildPhase;
			buildActionMask = 2147483647;
			files = (
				9826B2DD1A11FB190089807A /* User.swift in Sources */,
				9826B2BF1A11FAD70089807A /* ViewController.swift in Sources */,
				9826B2BD1A11FAD70089807A /* CoreData.xcdatamodeld in Sources */,
				9826B2BA1A11FAD70089807A /* AppDelegate.swift in Sources */,
			);
			runOnlyForDeploymentPostprocessing = 0;
		};
		9826B2C81A11FAD70089807A /* Sources */ = {
			isa = PBXSourcesBuildPhase;
			buildActionMask = 2147483647;
			files = (
				9826B2D31A11FAD70089807A /* CoreDataTests.swift in Sources */,
			);
			runOnlyForDeploymentPostprocessing = 0;
		};
/* End PBXSourcesBuildPhase section */

/* Begin PBXTargetDependency section */
		9826B2CE1A11FAD70089807A /* PBXTargetDependency */ = {
			isa = PBXTargetDependency;
			target = 9826B2B31A11FAD70089807A /* CoreData */;
			targetProxy = 9826B2CD1A11FAD70089807A /* PBXContainerItemProxy */;
		};
/* End PBXTargetDependency section */

/* Begin PBXVariantGroup section */
		9826B2C01A11FAD70089807A /* Main.storyboard */ = {
			isa = PBXVariantGroup;
			children = (
				9826B2C11A11FAD70089807A /* Base */,
			);
			name = Main.storyboard;
			sourceTree = "<group>";
		};
		9826B2C51A11FAD70089807A /* LaunchScreen.xib */ = {
			isa = PBXVariantGroup;
			children = (
				9826B2C61A11FAD70089807A /* Base */,
			);
			name = LaunchScreen.xib;
			sourceTree = "<group>";
		};
/* End PBXVariantGroup section */

/* Begin XCBuildConfiguration section */
		9826B2D41A11FAD70089807A /* Debug */ = {
			isa = XCBuildConfiguration;
			buildSettings = {
				ALWAYS_SEARCH_USER_PATHS = NO;
				CLANG_CXX_LANGUAGE_STANDARD = "gnu++0x";
				CLANG_CXX_LIBRARY = "libc++";
				CLANG_ENABLE_MODULES = YES;
				CLANG_ENABLE_OBJC_ARC = YES;
				CLANG_WARN_BOOL_CONVERSION = YES;
				CLANG_WARN_CONSTANT_CONVERSION = YES;
				CLANG_WARN_DIRECT_OBJC_ISA_USAGE = YES_ERROR;
				CLANG_WARN_EMPTY_BODY = YES;
				CLANG_WARN_ENUM_CONVERSION = YES;
				CLANG_WARN_INT_CONVERSION = YES;
				CLANG_WARN_OBJC_ROOT_CLASS = YES_ERROR;
				CLANG_WARN_UNREACHABLE_CODE = YES;
				CLANG_WARN__DUPLICATE_METHOD_MATCH = YES;
				"CODE_SIGN_IDENTITY[sdk=iphoneos*]" = "iPhone Developer";
				COPY_PHASE_STRIP = NO;
				ENABLE_STRICT_OBJC_MSGSEND = YES;
				GCC_C_LANGUAGE_STANDARD = gnu99;
				GCC_DYNAMIC_NO_PIC = NO;
				GCC_OPTIMIZATION_LEVEL = 0;
				GCC_PREPROCESSOR_DEFINITIONS = (
					"DEBUG=1",
					"$(inherited)",
				);
				GCC_SYMBOLS_PRIVATE_EXTERN = NO;
				GCC_WARN_64_TO_32_BIT_CONVERSION = YES;
				GCC_WARN_ABOUT_RETURN_TYPE = YES_ERROR;
				GCC_WARN_UNDECLARED_SELECTOR = YES;
				GCC_WARN_UNINITIALIZED_AUTOS = YES_AGGRESSIVE;
				GCC_WARN_UNUSED_FUNCTION = YES;
				GCC_WARN_UNUSED_VARIABLE = YES;
				IPHONEOS_DEPLOYMENT_TARGET = 8.1;
				MTL_ENABLE_DEBUG_INFO = YES;
				ONLY_ACTIVE_ARCH = YES;
				SDKROOT = iphoneos;
				SWIFT_OPTIMIZATION_LEVEL = "-Onone";
			};
			name = Debug;
		};
		9826B2D51A11FAD70089807A /* Release */ = {
			isa = XCBuildConfiguration;
			buildSettings = {
				ALWAYS_SEARCH_USER_PATHS = NO;
				CLANG_CXX_LANGUAGE_STANDARD = "gnu++0x";
				CLANG_CXX_LIBRARY = "libc++";
				CLANG_ENABLE_MODULES = YES;
				CLANG_ENABLE_OBJC_ARC = YES;
				CLANG_WARN_BOOL_CONVERSION = YES;
				CLANG_WARN_CONSTANT_CONVERSION = YES;
				CLANG_WARN_DIRECT_OBJC_ISA_USAGE = YES_ERROR;
				CLANG_WARN_EMPTY_BODY = YES;
				CLANG_WARN_ENUM_CONVERSION = YES;
				CLANG_WARN_INT_CONVERSION = YES;
				CLANG_WARN_OBJC_ROOT_CLASS = YES_ERROR;
				CLANG_WARN_UNREACHABLE_CODE = YES;
				CLANG_WARN__DUPLICATE_METHOD_MATCH = YES;
				"CODE_SIGN_IDENTITY[sdk=iphoneos*]" = "iPhone Developer";
				COPY_PHASE_STRIP = YES;
				ENABLE_NS_ASSERTIONS = NO;
				ENABLE_STRICT_OBJC_MSGSEND = YES;
				GCC_C_LANGUAGE_STANDARD = gnu99;
				GCC_WARN_64_TO_32_BIT_CONVERSION = YES;
				GCC_WARN_ABOUT_RETURN_TYPE = YES_ERROR;
				GCC_WARN_UNDECLARED_SELECTOR = YES;
				GCC_WARN_UNINITIALIZED_AUTOS = YES_AGGRESSIVE;
				GCC_WARN_UNUSED_FUNCTION = YES;
				GCC_WARN_UNUSED_VARIABLE = YES;
				IPHONEOS_DEPLOYMENT_TARGET = 8.1;
				MTL_ENABLE_DEBUG_INFO = NO;
				SDKROOT = iphoneos;
				VALIDATE_PRODUCT = YES;
			};
			name = Release;
		};
		9826B2D71A11FAD70089807A /* Debug */ = {
			isa = XCBuildConfiguration;
			buildSettings = {
				ASSETCATALOG_COMPILER_APPICON_NAME = AppIcon;
				INFOPLIST_FILE = CoreData/Info.plist;
				LD_RUNPATH_SEARCH_PATHS = "$(inherited) @executable_path/Frameworks";
				PRODUCT_NAME = "$(TARGET_NAME)";
			};
			name = Debug;
		};
		9826B2D81A11FAD70089807A /* Release */ = {
			isa = XCBuildConfiguration;
			buildSettings = {
				ASSETCATALOG_COMPILER_APPICON_NAME = AppIcon;
				INFOPLIST_FILE = CoreData/Info.plist;
				LD_RUNPATH_SEARCH_PATHS = "$(inherited) @executable_path/Frameworks";
				PRODUCT_NAME = "$(TARGET_NAME)";
			};
			name = Release;
		};
		9826B2DA1A11FAD70089807A /* Debug */ = {
			isa = XCBuildConfiguration;
			buildSettings = {
				BUNDLE_LOADER = "$(TEST_HOST)";
				FRAMEWORK_SEARCH_PATHS = (
					"$(SDKROOT)/Developer/Library/Frameworks",
					"$(inherited)",
				);
				GCC_PREPROCESSOR_DEFINITIONS = (
					"DEBUG=1",
					"$(inherited)",
				);
				INFOPLIST_FILE = CoreDataTests/Info.plist;
				LD_RUNPATH_SEARCH_PATHS = "$(inherited) @executable_path/Frameworks @loader_path/Frameworks";
				PRODUCT_NAME = "$(TARGET_NAME)";
				TEST_HOST = "$(BUILT_PRODUCTS_DIR)/CoreData.app/CoreData";
			};
			name = Debug;
		};
		9826B2DB1A11FAD70089807A /* Release */ = {
			isa = XCBuildConfiguration;
			buildSettings = {
				BUNDLE_LOADER = "$(TEST_HOST)";
				FRAMEWORK_SEARCH_PATHS = (
					"$(SDKROOT)/Developer/Library/Frameworks",
					"$(inherited)",
				);
				INFOPLIST_FILE = CoreDataTests/Info.plist;
				LD_RUNPATH_SEARCH_PATHS = "$(inherited) @executable_path/Frameworks @loader_path/Frameworks";
				PRODUCT_NAME = "$(TARGET_NAME)";
				TEST_HOST = "$(BUILT_PRODUCTS_DIR)/CoreData.app/CoreData";
			};
			name = Release;
		};
/* End XCBuildConfiguration section */

/* Begin XCConfigurationList section */
		9826B2AF1A11FAD70089807A /* Build configuration list for PBXProject "CoreData" */ = {
			isa = XCConfigurationList;
			buildConfigurations = (
				9826B2D41A11FAD70089807A /* Debug */,
				9826B2D51A11FAD70089807A /* Release */,
			);
			defaultConfigurationIsVisible = 0;
			defaultConfigurationName = Release;
		};
		9826B2D61A11FAD70089807A /* Build configuration list for PBXNativeTarget "CoreData" */ = {
			isa = XCConfigurationList;
			buildConfigurations = (
				9826B2D71A11FAD70089807A /* Debug */,
				9826B2D81A11FAD70089807A /* Release */,
			);
			defaultConfigurationIsVisible = 0;
		};
		9826B2D91A11FAD70089807A /* Build configuration list for PBXNativeTarget "CoreDataTests" */ = {
			isa = XCConfigurationList;
			buildConfigurations = (
				9826B2DA1A11FAD70089807A /* Debug */,
				9826B2DB1A11FAD70089807A /* Release */,
			);
			defaultConfigurationIsVisible = 0;
		};
/* End XCConfigurationList section */

/* Begin XCVersionGroup section */
		9826B2BB1A11FAD70089807A /* CoreData.xcdatamodeld */ = {
			isa = XCVersionGroup;
			children = (
				9826B2BC1A11FAD70089807A /* CoreData.xcdatamodel */,
			);
			currentVersion = 9826B2BC1A11FAD70089807A /* CoreData.xcdatamodel */;
			path = CoreData.xcdatamodeld;
			sourceTree = "<group>";
			versionGroupType = wrapper.xcdatamodel;
		};
/* End XCVersionGroup section */
	};
	rootObject = 9826B2AC1A11FAD70089807A /* Project object */;
}
